
Microsoft Visual Studio Solution File, Format Version 12.00
# Visual Studio Version 17
VisualStudioVersion = 17.6.33815.320
MinimumVisualStudioVersion = 10.0.40219.1
Project("{FAE04EC0-301F-11D3-BF4B-00C04F79EFBC}") = "es Dnevnik", "es Dnevnik\es Dnevnik.csproj", "{D9C81022-B554-4C71-B582-47FD31E029BA}"
EndProject
Global
	GlobalSection(SolutionConfigurationPlatforms) = preSolution
		Debug|Any CPU = Debug|Any CPU
		Release|Any CPU = Release|Any CPU
	EndGlobalSection
	GlobalSection(ProjectConfigurationPlatforms) = postSolution
		{D9C81022-B554-4C71-B582-47FD31E029BA}.Debug|Any CPU.ActiveCfg = Debug|Any CPU
		{D9C81022-B554-4C71-B582-47FD31E029BA}.Debug|Any CPU.Build.0 = Debug|Any CPU
		{D9C81022-B554-4C71-B582-47FD31E029BA}.Release|Any CPU.ActiveCfg = Release|Any CPU
		{D9C81022-B554-4C71-B582-47FD31E029BA}.Release|Any CPU.Build.0 = Release|Any CPU
	EndGlobalSection
	GlobalSection(SolutionProperties) = preSolution
		HideSolutionNode = FALSE
	EndGlobalSection
	GlobalSection(ExtensibilityGlobals) = postSolution
		SolutionGuid = {17952459-647A-43E4-B4B0-169220EA4130}
	EndGlobalSection
EndGlobal
